
Microsoft Visual Studio Solution File, Format Version 12.00
# Visual Studio 15
VisualStudioVersion = 15.0.28307.489
MinimumVisualStudioVersion = 10.0.40219.1
Project("{8BC9CEB8-8B4A-11D0-8D11-00A0C91BC942}") = "Demo2", "Demo2\Demo2.vcxproj", "{56C45128-7FB4-4D55-AD88-51F704A4CB09}"
EndProject
Global
	GlobalSection(SolutionConfigurationPlatforms) = preSolution
		Debug|x64 = Debug|x64
		Debug|x86 = Debug|x86
		Release|x64 = Release|x64
		Release|x86 = Release|x86
	EndGlobalSection
	GlobalSection(ProjectConfigurationPlatforms) = postSolution
		{56C45128-7FB4-4D55-AD88-51F704A4CB09}.Debug|x64.ActiveCfg = Debug|x64
		{56C45128-7FB4-4D55-AD88-51F704A4CB09}.Debug|x64.Build.0 = Debug|x64
		{56C45128-7FB4-4D55-AD88-51F704A4CB09}.Debug|x86.ActiveCfg = Debug|Win32
		{56C45128-7FB4-4D55-AD88-51F704A4CB09}.Debug|x86.Build.0 = Debug|Win32
		{56C45128-7FB4-4D55-AD88-51F704A4CB09}.Release|x64.ActiveCfg = Release|x64
		{56C45128-7FB4-4D55-AD88-51F704A4CB09}.Release|x64.Build.0 = Release|x64
		{56C45128-7FB4-4D55-AD88-51F704A4CB09}.Release|x86.ActiveCfg = Release|Win32
		{56C45128-7FB4-4D55-AD88-51F704A4CB09}.Release|x86.Build.0 = Release|Win32
	EndGlobalSection
	GlobalSection(SolutionProperties) = preSolution
		HideSolutionNode = FALSE
	EndGlobalSection
	GlobalSection(ExtensibilityGlobals) = postSolution
		SolutionGuid = {65816A94-0B8D-4DD8-9387-5C6743CBD352}
	EndGlobalSection
EndGlobal
